
Microsoft Visual Studio Solution File, Format Version 12.00
# Visual Studio Version 16
VisualStudioVersion = 16.0.31019.35
MinimumVisualStudioVersion = 10.0.40219.1
Project("{9A19103F-16F7-4668-BE54-9A1E7A4F7556}") = "API", "API\API.csproj", "{04CEA486-20F4-4DD9-B8C5-42F8FB0E5817}"
EndProject
Project("{9A19103F-16F7-4668-BE54-9A1E7A4F7556}") = "Core", "Core\Core.csproj", "{DCF18F1D-5235-4C43-A182-9986C4FCA149}"
EndProject
Project("{9A19103F-16F7-4668-BE54-9A1E7A4F7556}") = "Infrastructure", "Infrastructure\Infrastructure.csproj", "{59169FAC-3840-49F7-8814-6D9DE7F8F27A}"
EndProject
Project("{FAE04EC0-301F-11D3-BF4B-00C04F79EFBC}") = "Services.API", "Services.API\Services.API.csproj", "{A7D20E6D-1CD5-4333-9E82-8455A1D769D4}"
EndProject
Project("{FAE04EC0-301F-11D3-BF4B-00C04F79EFBC}") = "Services.Business", "Services.Business\Services.Business.csproj", "{69045C07-2FE6-4FDD-92FC-D1E3BFC645A9}"
EndProject
Project("{FAE04EC0-301F-11D3-BF4B-00C04F79EFBC}") = "Services.Data", "Services.Data\Services.Data.csproj", "{F83DD1D1-647D-4BC7-AABA-C1020E92C694}"
EndProject
Project("{FAE04EC0-301F-11D3-BF4B-00C04F79EFBC}") = "Services.Dto", "Services.Dto\Services.Dto.csproj", "{0E359B09-9D41-4B1B-A986-06AFFAE6B17B}"
EndProject
Project("{FAE04EC0-301F-11D3-BF4B-00C04F79EFBC}") = "Services.Entities", "Services.Entities\Services.Entities.csproj", "{885273B6-E6C3-4426-8CF4-46FDB4514E96}"
EndProject
Global
	GlobalSection(SolutionConfigurationPlatforms) = preSolution
		Debug|Any CPU = Debug|Any CPU
		Release|Any CPU = Release|Any CPU
	EndGlobalSection
	GlobalSection(ProjectConfigurationPlatforms) = postSolution
		{04CEA486-20F4-4DD9-B8C5-42F8FB0E5817}.Debug|Any CPU.ActiveCfg = Debug|Any CPU
		{04CEA486-20F4-4DD9-B8C5-42F8FB0E5817}.Debug|Any CPU.Build.0 = Debug|Any CPU
		{04CEA486-20F4-4DD9-B8C5-42F8FB0E5817}.Release|Any CPU.ActiveCfg = Release|Any CPU
		{04CEA486-20F4-4DD9-B8C5-42F8FB0E5817}.Release|Any CPU.Build.0 = Release|Any CPU
		{DCF18F1D-5235-4C43-A182-9986C4FCA149}.Debug|Any CPU.ActiveCfg = Debug|Any CPU
		{DCF18F1D-5235-4C43-A182-9986C4FCA149}.Debug|Any CPU.Build.0 = Debug|Any CPU
		{DCF18F1D-5235-4C43-A182-9986C4FCA149}.Release|Any CPU.ActiveCfg = Release|Any CPU
		{DCF18F1D-5235-4C43-A182-9986C4FCA149}.Release|Any CPU.Build.0 = Release|Any CPU
		{59169FAC-3840-49F7-8814-6D9DE7F8F27A}.Debug|Any CPU.ActiveCfg = Debug|Any CPU
		{59169FAC-3840-49F7-8814-6D9DE7F8F27A}.Debug|Any CPU.Build.0 = Debug|Any CPU
		{59169FAC-3840-49F7-8814-6D9DE7F8F27A}.Release|Any CPU.ActiveCfg = Release|Any CPU
		{59169FAC-3840-49F7-8814-6D9DE7F8F27A}.Release|Any CPU.Build.0 = Release|Any CPU
		{A7D20E6D-1CD5-4333-9E82-8455A1D769D4}.Debug|Any CPU.ActiveCfg = Debug|Any CPU
		{A7D20E6D-1CD5-4333-9E82-8455A1D769D4}.Debug|Any CPU.Build.0 = Debug|Any CPU
		{A7D20E6D-1CD5-4333-9E82-8455A1D769D4}.Release|Any CPU.ActiveCfg = Release|Any CPU
		{A7D20E6D-1CD5-4333-9E82-8455A1D769D4}.Release|Any CPU.Build.0 = Release|Any CPU
		{69045C07-2FE6-4FDD-92FC-D1E3BFC645A9}.Debug|Any CPU.ActiveCfg = Debug|Any CPU
		{69045C07-2FE6-4FDD-92FC-D1E3BFC645A9}.Debug|Any CPU.Build.0 = Debug|Any CPU
		{69045C07-2FE6-4FDD-92FC-D1E3BFC645A9}.Release|Any CPU.ActiveCfg = Release|Any CPU
		{69045C07-2FE6-4FDD-92FC-D1E3BFC645A9}.Release|Any CPU.Build.0 = Release|Any CPU
		{F83DD1D1-647D-4BC7-AABA-C1020E92C694}.Debug|Any CPU.ActiveCfg = Debug|Any CPU
		{F83DD1D1-647D-4BC7-AABA-C1020E92C694}.Debug|Any CPU.Build.0 = Debug|Any CPU
		{F83DD1D1-647D-4BC7-AABA-C1020E92C694}.Release|Any CPU.ActiveCfg = Release|Any CPU
		{F83DD1D1-647D-4BC7-AABA-C1020E92C694}.Release|Any CPU.Build.0 = Release|Any CPU
		{0E359B09-9D41-4B1B-A986-06AFFAE6B17B}.Debug|Any CPU.ActiveCfg = Debug|Any CPU
		{0E359B09-9D41-4B1B-A986-06AFFAE6B17B}.Debug|Any CPU.Build.0 = Debug|Any CPU
		{0E359B09-9D41-4B1B-A986-06AFFAE6B17B}.Release|Any CPU.ActiveCfg = Release|Any CPU
		{0E359B09-9D41-4B1B-A986-06AFFAE6B17B}.Release|Any CPU.Build.0 = Release|Any CPU
		{885273B6-E6C3-4426-8CF4-46FDB4514E96}.Debug|Any CPU.ActiveCfg = Debug|Any CPU
		{885273B6-E6C3-4426-8CF4-46FDB4514E96}.Debug|Any CPU.Build.0 = Debug|Any CPU
		{885273B6-E6C3-4426-8CF4-46FDB4514E96}.Release|Any CPU.ActiveCfg = Release|Any CPU
		{885273B6-E6C3-4426-8CF4-46FDB4514E96}.Release|Any CPU.Build.0 = Release|Any CPU
	EndGlobalSection
	GlobalSection(SolutionProperties) = preSolution
		HideSolutionNode = FALSE
	EndGlobalSection
	GlobalSection(ExtensibilityGlobals) = postSolution
		SolutionGuid = {4C807B36-3C5B-4D72-B4FF-F147157AC700}
	EndGlobalSection
EndGlobal
